
Microsoft Visual Studio Solution File, Format Version 12.00
# Visual Studio Version 17
VisualStudioVersion = 17.5.33414.496
MinimumVisualStudioVersion = 10.0.40219.1
Project("{FAE04EC0-301F-11D3-BF4B-00C04F79EFBC}") = "App_gestion de archivos", "App_gestion de archivos\App_gestion de archivos.csproj", "{470AF921-928A-4330-9A12-37F999436048}"
EndProject
Global
	GlobalSection(SolutionConfigurationPlatforms) = preSolution
		Debug|Any CPU = Debug|Any CPU
		Release|Any CPU = Release|Any CPU
	EndGlobalSection
	GlobalSection(ProjectConfigurationPlatforms) = postSolution
		{470AF921-928A-4330-9A12-37F999436048}.Debug|Any CPU.ActiveCfg = Debug|Any CPU
		{470AF921-928A-4330-9A12-37F999436048}.Debug|Any CPU.Build.0 = Debug|Any CPU
		{470AF921-928A-4330-9A12-37F999436048}.Release|Any CPU.ActiveCfg = Release|Any CPU
		{470AF921-928A-4330-9A12-37F999436048}.Release|Any CPU.Build.0 = Release|Any CPU
	EndGlobalSection
	GlobalSection(SolutionProperties) = preSolution
		HideSolutionNode = FALSE
	EndGlobalSection
	GlobalSection(ExtensibilityGlobals) = postSolution
		SolutionGuid = {D310EE8C-A71C-42C3-B894-EFBF0C392767}
	EndGlobalSection
EndGlobal
